
Microsoft Visual Studio Solution File, Format Version 12.00
# Visual Studio 15
VisualStudioVersion = 15.0.26730.15
MinimumVisualStudioVersion = 10.0.40219.1
Project("{9A19103F-16F7-4668-BE54-9A1E7A4F7556}") = "Dominus.Web", "Dominus.Web\Dominus.Web.csproj", "{10D45A41-08A7-4B48-920A-D153C650FC3A}"
EndProject
Project("{9A19103F-16F7-4668-BE54-9A1E7A4F7556}") = "Dominus.Libs", "Dominus.Libs\Dominus.Libs.csproj", "{D7C18920-9167-4880-90F0-149BB5775C84}"
EndProject
Project("{FAE04EC0-301F-11D3-BF4B-00C04F79EFBC}") = "Dominus.Tests", "Dominus.Tests\Dominus.Tests.csproj", "{E9744A4F-EDFA-4255-8D36-15949F11E01F}"
EndProject
Global
	GlobalSection(SolutionConfigurationPlatforms) = preSolution
		Debug|Any CPU = Debug|Any CPU
		Release|Any CPU = Release|Any CPU
	EndGlobalSection
	GlobalSection(ProjectConfigurationPlatforms) = postSolution
		{10D45A41-08A7-4B48-920A-D153C650FC3A}.Debug|Any CPU.ActiveCfg = Debug|Any CPU
		{10D45A41-08A7-4B48-920A-D153C650FC3A}.Debug|Any CPU.Build.0 = Debug|Any CPU
		{10D45A41-08A7-4B48-920A-D153C650FC3A}.Release|Any CPU.ActiveCfg = Release|Any CPU
		{10D45A41-08A7-4B48-920A-D153C650FC3A}.Release|Any CPU.Build.0 = Release|Any CPU
		{D7C18920-9167-4880-90F0-149BB5775C84}.Debug|Any CPU.ActiveCfg = Debug|Any CPU
		{D7C18920-9167-4880-90F0-149BB5775C84}.Debug|Any CPU.Build.0 = Debug|Any CPU
		{D7C18920-9167-4880-90F0-149BB5775C84}.Release|Any CPU.ActiveCfg = Release|Any CPU
		{D7C18920-9167-4880-90F0-149BB5775C84}.Release|Any CPU.Build.0 = Release|Any CPU
		{E9744A4F-EDFA-4255-8D36-15949F11E01F}.Debug|Any CPU.ActiveCfg = Debug|Any CPU
		{E9744A4F-EDFA-4255-8D36-15949F11E01F}.Debug|Any CPU.Build.0 = Debug|Any CPU
		{E9744A4F-EDFA-4255-8D36-15949F11E01F}.Release|Any CPU.ActiveCfg = Release|Any CPU
		{E9744A4F-EDFA-4255-8D36-15949F11E01F}.Release|Any CPU.Build.0 = Release|Any CPU
	EndGlobalSection
	GlobalSection(SolutionProperties) = preSolution
		HideSolutionNode = FALSE
	EndGlobalSection
	GlobalSection(ExtensibilityGlobals) = postSolution
		SolutionGuid = {FCF05C54-CCFC-4C83-9D93-C195024FFDB7}
	EndGlobalSection
EndGlobal
